
Microsoft Visual Studio Solution File, Format Version 12.00
# Visual Studio Version 17
VisualStudioVersion = 17.5.002.0
MinimumVisualStudioVersion = 10.0.40219.1
Project("{9A19103F-16F7-4668-BE54-9A1E7A4F7556}") = "App", "App\App.csproj", "{FA973CEA-894D-4DEA-8D04-2C52F4935A40}"
EndProject
Project("{9A19103F-16F7-4668-BE54-9A1E7A4F7556}") = "Testing", "Testing\Testing.csproj", "{64CF7CEE-04BA-4864-9880-5CF2D3E93EB4}"
EndProject
Global
	GlobalSection(SolutionConfigurationPlatforms) = preSolution
		Debug|Any CPU = Debug|Any CPU
		Release|Any CPU = Release|Any CPU
	EndGlobalSection
	GlobalSection(ProjectConfigurationPlatforms) = postSolution
		{FA973CEA-894D-4DEA-8D04-2C52F4935A40}.Debug|Any CPU.ActiveCfg = Debug|Any CPU
		{FA973CEA-894D-4DEA-8D04-2C52F4935A40}.Debug|Any CPU.Build.0 = Debug|Any CPU
		{FA973CEA-894D-4DEA-8D04-2C52F4935A40}.Release|Any CPU.ActiveCfg = Release|Any CPU
		{FA973CEA-894D-4DEA-8D04-2C52F4935A40}.Release|Any CPU.Build.0 = Release|Any CPU
		{64CF7CEE-04BA-4864-9880-5CF2D3E93EB4}.Debug|Any CPU.ActiveCfg = Debug|Any CPU
		{64CF7CEE-04BA-4864-9880-5CF2D3E93EB4}.Debug|Any CPU.Build.0 = Debug|Any CPU
		{64CF7CEE-04BA-4864-9880-5CF2D3E93EB4}.Release|Any CPU.ActiveCfg = Release|Any CPU
		{64CF7CEE-04BA-4864-9880-5CF2D3E93EB4}.Release|Any CPU.Build.0 = Release|Any CPU
	EndGlobalSection
	GlobalSection(SolutionProperties) = preSolution
		HideSolutionNode = FALSE
	EndGlobalSection
	GlobalSection(ExtensibilityGlobals) = postSolution
		SolutionGuid = {90463663-BE14-4971-8124-B283786C012C}
	EndGlobalSection
EndGlobal
